// !$*UTF8*$!
{
	archiveVersion = 1;
	classes = {
	};
	objectVersion = 50;
	objects = {

/* Begin PBXBuildFile section */
		3717C46F2219759A00E12181 /* deleteSelectedDream.png in Resources */ = {isa = PBXBuildFile; fileRef = 3717C46D2219759900E12181 /* deleteSelectedDream.png */; };
		3717C4702219759A00E12181 /* allDeleteDream.png in Resources */ = {isa = PBXBuildFile; fileRef = 3717C46E2219759A00E12181 /* allDeleteDream.png */; };
		3717C473221A430F00E12181 /* selectCheckBtn.png in Resources */ = {isa = PBXBuildFile; fileRef = 3717C471221A430F00E12181 /* selectCheckBtn.png */; };
		3717C474221A430F00E12181 /* selectedCheckBtn.png in Resources */ = {isa = PBXBuildFile; fileRef = 3717C472221A430F00E12181 /* selectedCheckBtn.png */; };
		3717C476221A523C00E12181 /* Config.swift in Sources */ = {isa = PBXBuildFile; fileRef = 3717C475221A523C00E12181 /* Config.swift */; };
		3717C478221A527700E12181 /* Dream.swift in Sources */ = {isa = PBXBuildFile; fileRef = 3717C477221A527700E12181 /* Dream.swift */; };
		3717C4A72223BF8A00E12181 /* DreamContainer.swift in Sources */ = {isa = PBXBuildFile; fileRef = 3717C4A62223BF8A00E12181 /* DreamContainer.swift */; };
		3717C4A92223E9A300E12181 /* save.png in Resources */ = {isa = PBXBuildFile; fileRef = 3717C4A82223E9A300E12181 /* save.png */; };
		3718CBCF2215B435000E85E3 /* DetailVC.swift in Sources */ = {isa = PBXBuildFile; fileRef = 3718CBCE2215B435000E85E3 /* DetailVC.swift */; };
		3718CBD12215BB29000E85E3 /* SearchVC.swift in Sources */ = {isa = PBXBuildFile; fileRef = 3718CBD02215BB29000E85E3 /* SearchVC.swift */; };
		3718CBD32215BB4E000E85E3 /* WriteVC.swift in Sources */ = {isa = PBXBuildFile; fileRef = 3718CBD22215BB4E000E85E3 /* WriteVC.swift */; };
		3723BAA7221460240010E753 /* AppDelegate.swift in Sources */ = {isa = PBXBuildFile; fileRef = 3723BAA6221460240010E753 /* AppDelegate.swift */; };
		3723BAA9221460240010E753 /* MainVC.swift in Sources */ = {isa = PBXBuildFile; fileRef = 3723BAA8221460240010E753 /* MainVC.swift */; };
		3723BAAC221460240010E753 /* Main.storyboard in Resources */ = {isa = PBXBuildFile; fileRef = 3723BAAA221460240010E753 /* Main.storyboard */; };
		3723BAAE221460260010E753 /* Assets.xcassets in Resources */ = {isa = PBXBuildFile; fileRef = 3723BAAD221460260010E753 /* Assets.xcassets */; };
		3723BAB1221460260010E753 /* LaunchScreen.storyboard in Resources */ = {isa = PBXBuildFile; fileRef = 3723BAAF221460260010E753 /* LaunchScreen.storyboard */; };
		3723BAD9221560EF0010E753 /* LoginVC.swift in Sources */ = {isa = PBXBuildFile; fileRef = 3723BAD8221560EF0010E753 /* LoginVC.swift */; };
		3723BADB221561070010E753 /* JoinVC.swift in Sources */ = {isa = PBXBuildFile; fileRef = 3723BADA221561070010E753 /* JoinVC.swift */; };
		372C13DE2216A17100B7A972 /* Auth.storyboard in Resources */ = {isa = PBXBuildFile; fileRef = 372C13DC2216A17100B7A972 /* Auth.storyboard */; };
		372C13E52216A27600B7A972 /* Search.storyboard in Resources */ = {isa = PBXBuildFile; fileRef = 372C13E32216A27600B7A972 /* Search.storyboard */; };
		372C13E72216A29A00B7A972 /* Write.storyboard in Resources */ = {isa = PBXBuildFile; fileRef = 372C13E62216A29A00B7A972 /* Write.storyboard */; };
		372C13F02216B71700B7A972 /* MenuCell.swift in Sources */ = {isa = PBXBuildFile; fileRef = 372C13EF2216B71700B7A972 /* MenuCell.swift */; };
		372C13F22216C49500B7A972 /* Menu.storyboard in Resources */ = {isa = PBXBuildFile; fileRef = 372C13F12216C49500B7A972 /* Menu.storyboard */; };
		372C13F72216C7BD00B7A972 /* StarStorageTVC.swift in Sources */ = {isa = PBXBuildFile; fileRef = 372C13F62216C7BD00B7A972 /* StarStorageTVC.swift */; };
		372C14182216FB3E00B7A972 /* GoogleService-Info.plist in Resources */ = {isa = PBXBuildFile; fileRef = 372C14172216FB3D00B7A972 /* GoogleService-Info.plist */; };
		372C141A2217134200B7A972 /* ConfigVC.swift in Sources */ = {isa = PBXBuildFile; fileRef = 372C14192217134200B7A972 /* ConfigVC.swift */; };
		372C141C2217187D00B7A972 /* Base.swift in Sources */ = {isa = PBXBuildFile; fileRef = 372C141B2217187D00B7A972 /* Base.swift */; };
		372C141E221726B100B7A972 /* RemoteConfigDefaults.plist in Resources */ = {isa = PBXBuildFile; fileRef = 372C141D221726B100B7A972 /* RemoteConfigDefaults.plist */; };
		3736B34E2217B7A900DDD158 /* checkBlackCircle.png in Resources */ = {isa = PBXBuildFile; fileRef = 3736B34D2217B7A900DDD158 /* checkBlackCircle.png */; };
		3736B3502218775A00DDD158 /* MenuVC.swift in Sources */ = {isa = PBXBuildFile; fileRef = 3736B34F2218775A00DDD158 /* MenuVC.swift */; };
		3736B3522218877300DDD158 /* DreamCell.swift in Sources */ = {isa = PBXBuildFile; fileRef = 3736B3512218877300DDD158 /* DreamCell.swift */; };
		3736B35A22189A8C00DDD158 /* menu.png in Resources */ = {isa = PBXBuildFile; fileRef = 3736B35722189A8B00DDD158 /* menu.png */; };
		3736B35B22189A8C00DDD158 /* selectStar.png in Resources */ = {isa = PBXBuildFile; fileRef = 3736B35822189A8B00DDD158 /* selectStar.png */; };
		3736B35C22189A8C00DDD158 /* selectedStar.png in Resources */ = {isa = PBXBuildFile; fileRef = 3736B35922189A8B00DDD158 /* selectedStar.png */; };
		3736B35F22189BBA00DDD158 /* search.png in Resources */ = {isa = PBXBuildFile; fileRef = 3736B35D22189BBA00DDD158 /* search.png */; };
		3736B36022189BBA00DDD158 /* edit.png in Resources */ = {isa = PBXBuildFile; fileRef = 3736B35E22189BBA00DDD158 /* edit.png */; };
		D0EF5979C5FC033D54B33D30 /* Pods_ForDream.framework in Frameworks */ = {isa = PBXBuildFile; fileRef = 94F8D84DAF7B4E8CCA5AED66 /* Pods_ForDream.framework */; };
/* End PBXBuildFile section */

/* Begin PBXFileReference section */
		1535C538C0AF4376191DD798 /* Pods-ForDream.debug.xcconfig */ = {isa = PBXFileReference; includeInIndex = 1; lastKnownFileType = text.xcconfig; name = "Pods-ForDream.debug.xcconfig"; path = "Target Support Files/Pods-ForDream/Pods-ForDream.debug.xcconfig"; sourceTree = "<group>"; };
		3717C46D2219759900E12181 /* deleteSelectedDream.png */ = {isa = PBXFileReference; lastKnownFileType = image.png; path = deleteSelectedDream.png; sourceTree = "<group>"; };
		3717C46E2219759A00E12181 /* allDeleteDream.png */ = {isa = PBXFileReference; lastKnownFileType = image.png; path = allDeleteDream.png; sourceTree = "<group>"; };
		3717C471221A430F00E12181 /* selectCheckBtn.png */ = {isa = PBXFileReference; lastKnownFileType = image.png; path = selectCheckBtn.png; sourceTree = "<group>"; };
		3717C472221A430F00E12181 /* selectedCheckBtn.png */ = {isa = PBXFileReference; lastKnownFileType = image.png; path = selectedCheckBtn.png; sourceTree = "<group>"; };
		3717C475221A523C00E12181 /* Config.swift */ = {isa = PBXFileReference; lastKnownFileType = sourcecode.swift; path = Config.swift; sourceTree = "<group>"; };
		3717C477221A527700E12181 /* Dream.swift */ = {isa = PBXFileReference; lastKnownFileType = sourcecode.swift; path = Dream.swift; sourceTree = "<group>"; };
		3717C4A62223BF8A00E12181 /* DreamContainer.swift */ = {isa = PBXFileReference; lastKnownFileType = sourcecode.swift; path = DreamContainer.swift; sourceTree = "<group>"; };
		3717C4A82223E9A300E12181 /* save.png */ = {isa = PBXFileReference; lastKnownFileType = image.png; path = save.png; sourceTree = "<group>"; };
		3718CBCE2215B435000E85E3 /* DetailVC.swift */ = {isa = PBXFileReference; lastKnownFileType = sourcecode.swift; path = DetailVC.swift; sourceTree = "<group>"; };
		3718CBD02215BB29000E85E3 /* SearchVC.swift */ = {isa = PBXFileReference; lastKnownFileType = sourcecode.swift; path = SearchVC.swift; sourceTree = "<group>"; };
		3718CBD22215BB4E000E85E3 /* WriteVC.swift */ = {isa = PBXFileReference; lastKnownFileType = sourcecode.swift; path = WriteVC.swift; sourceTree = "<group>"; };
		3723BAA3221460240010E753 /* ForDream.app */ = {isa = PBXFileReference; explicitFileType = wrapper.application; includeInIndex = 0; path = ForDream.app; sourceTree = BUILT_PRODUCTS_DIR; };
		3723BAA6221460240010E753 /* AppDelegate.swift */ = {isa = PBXFileReference; lastKnownFileType = sourcecode.swift; path = AppDelegate.swift; sourceTree = "<group>"; };
		3723BAA8221460240010E753 /* MainVC.swift */ = {isa = PBXFileReference; lastKnownFileType = sourcecode.swift; path = MainVC.swift; sourceTree = "<group>"; };
		3723BAAB221460240010E753 /* Base */ = {isa = PBXFileReference; lastKnownFileType = file.storyboard; name = Base; path = Base.lproj/Main.storyboard; sourceTree = "<group>"; };
		3723BAAD221460260010E753 /* Assets.xcassets */ = {isa = PBXFileReference; lastKnownFileType = folder.assetcatalog; path = Assets.xcassets; sourceTree = "<group>"; };
		3723BAB0221460260010E753 /* Base */ = {isa = PBXFileReference; lastKnownFileType = file.storyboard; name = Base; path = Base.lproj/LaunchScreen.storyboard; sourceTree = "<group>"; };
		3723BAB2221460260010E753 /* Info.plist */ = {isa = PBXFileReference; lastKnownFileType = text.plist.xml; path = Info.plist; sourceTree = "<group>"; };
		3723BAD8221560EF0010E753 /* LoginVC.swift */ = {isa = PBXFileReference; lastKnownFileType = sourcecode.swift; path = LoginVC.swift; sourceTree = "<group>"; };
		3723BADA221561070010E753 /* JoinVC.swift */ = {isa = PBXFileReference; lastKnownFileType = sourcecode.swift; path = JoinVC.swift; sourceTree = "<group>"; };
		372C13DD2216A17100B7A972 /* Base */ = {isa = PBXFileReference; lastKnownFileType = file.storyboard; name = Base; path = ForDream/UI/Base.lproj/Auth.storyboard; sourceTree = "<group>"; };
		372C13E42216A27600B7A972 /* Base */ = {isa = PBXFileReference; lastKnownFileType = file.storyboard; name = Base; path = ForDream/UI/Base.lproj/Search.storyboard; sourceTree = "<group>"; };
		372C13E62216A29A00B7A972 /* Write.storyboard */ = {isa = PBXFileReference; fileEncoding = 4; lastKnownFileType = file.storyboard; name = Write.storyboard; path = ../../Write.storyboard; sourceTree = "<group>"; };
		372C13EF2216B71700B7A972 /* MenuCell.swift */ = {isa = PBXFileReference; lastKnownFileType = sourcecode.swift; path = MenuCell.swift; sourceTree = "<group>"; };
		372C13F12216C49500B7A972 /* Menu.storyboard */ = {isa = PBXFileReference; lastKnownFileType = file.storyboard; path = Menu.storyboard; sourceTree = "<group>"; };
		372C13F62216C7BD00B7A972 /* StarStorageTVC.swift */ = {isa = PBXFileReference; lastKnownFileType = sourcecode.swift; path = StarStorageTVC.swift; sourceTree = "<group>"; };
		372C14172216FB3D00B7A972 /* GoogleService-Info.plist */ = {isa = PBXFileReference; fileEncoding = 4; lastKnownFileType = text.plist.xml; path = "GoogleService-Info.plist"; sourceTree = "<group>"; };
		372C14192217134200B7A972 /* ConfigVC.swift */ = {isa = PBXFileReference; lastKnownFileType = sourcecode.swift; path = ConfigVC.swift; sourceTree = "<group>"; };
		372C141B2217187D00B7A972 /* Base.swift */ = {isa = PBXFileReference; lastKnownFileType = sourcecode.swift; path = Base.swift; sourceTree = "<group>"; };
		372C141D221726B100B7A972 /* RemoteConfigDefaults.plist */ = {isa = PBXFileReference; lastKnownFileType = text.plist.xml; path = RemoteConfigDefaults.plist; sourceTree = "<group>"; };
		3736B34D2217B7A900DDD158 /* checkBlackCircle.png */ = {isa = PBXFileReference; lastKnownFileType = image.png; path = checkBlackCircle.png; sourceTree = "<group>"; };
		3736B34F2218775A00DDD158 /* MenuVC.swift */ = {isa = PBXFileReference; lastKnownFileType = sourcecode.swift; path = MenuVC.swift; sourceTree = "<group>"; };
		3736B3512218877300DDD158 /* DreamCell.swift */ = {isa = PBXFileReference; lastKnownFileType = sourcecode.swift; path = DreamCell.swift; sourceTree = "<group>"; };
		3736B35722189A8B00DDD158 /* menu.png */ = {isa = PBXFileReference; lastKnownFileType = image.png; path = menu.png; sourceTree = "<group>"; };
		3736B35822189A8B00DDD158 /* selectStar.png */ = {isa = PBXFileReference; lastKnownFileType = image.png; path = selectStar.png; sourceTree = "<group>"; };
		3736B35922189A8B00DDD158 /* selectedStar.png */ = {isa = PBXFileReference; lastKnownFileType = image.png; path = selectedStar.png; sourceTree = "<group>"; };
		3736B35D22189BBA00DDD158 /* search.png */ = {isa = PBXFileReference; lastKnownFileType = image.png; path = search.png; sourceTree = "<group>"; };
		3736B35E22189BBA00DDD158 /* edit.png */ = {isa = PBXFileReference; lastKnownFileType = image.png; path = edit.png; sourceTree = "<group>"; };
		506EC5817B92639E5FDC0513 /* Pods-ForDream.release.xcconfig */ = {isa = PBXFileReference; includeInIndex = 1; lastKnownFileType = text.xcconfig; name = "Pods-ForDream.release.xcconfig"; path = "Target Support Files/Pods-ForDream/Pods-ForDream.release.xcconfig"; sourceTree = "<group>"; };
		94F8D84DAF7B4E8CCA5AED66 /* Pods_ForDream.framework */ = {isa = PBXFileReference; explicitFileType = wrapper.framework; includeInIndex = 0; path = Pods_ForDream.framework; sourceTree = BUILT_PRODUCTS_DIR; };
/* End PBXFileReference section */

/* Begin PBXFrameworksBuildPhase section */
		3723BAA0221460240010E753 /* Frameworks */ = {
			isa = PBXFrameworksBuildPhase;
			buildActionMask = 2147483647;
			files = (
				D0EF5979C5FC033D54B33D30 /* Pods_ForDream.framework in Frameworks */,
			);
			runOnlyForDeploymentPostprocessing = 0;
		};
/* End PBXFrameworksBuildPhase section */

/* Begin PBXGroup section */
		3718CBCD221583C4000E85E3 /* Resource */ = {
			isa = PBXGroup;
			children = (
				3717C46E2219759A00E12181 /* allDeleteDream.png */,
				3717C46D2219759900E12181 /* deleteSelectedDream.png */,
				3736B35E22189BBA00DDD158 /* edit.png */,
				3736B35D22189BBA00DDD158 /* search.png */,
				3736B35722189A8B00DDD158 /* menu.png */,
				3736B35922189A8B00DDD158 /* selectedStar.png */,
				3736B35822189A8B00DDD158 /* selectStar.png */,
				3717C471221A430F00E12181 /* selectCheckBtn.png */,
				3717C472221A430F00E12181 /* selectedCheckBtn.png */,
				3736B34D2217B7A900DDD158 /* checkBlackCircle.png */,
				3717C4A82223E9A300E12181 /* save.png */,
			);
			path = Resource;
			sourceTree = "<group>";
		};
		3723BA9A221460240010E753 = {
			isa = PBXGroup;
			children = (
				3723BAA5221460240010E753 /* ForDream */,
				372C13EE2216B6F000B7A972 /* Custom */,
				3718CBCD221583C4000E85E3 /* Resource */,
				3723BAA4221460240010E753 /* Products */,
				5A97B932947E2E57A130E05B /* Pods */,
				9AEF24DC5BB150DA3339157A /* Frameworks */,
			);
			sourceTree = "<group>";
		};
		3723BAA4221460240010E753 /* Products */ = {
			isa = PBXGroup;
			children = (
				3723BAA3221460240010E753 /* ForDream.app */,
			);
			name = Products;
			sourceTree = "<group>";
		};
		3723BAA5221460240010E753 /* ForDream */ = {
			isa = PBXGroup;
			children = (
				3723BAD6221560850010E753 /* UI */,
				3723BAD72215608B0010E753 /* VC */,
				372C14162216DDE100B7A972 /* Model */,
				3723BAA6221460240010E753 /* AppDelegate.swift */,
				3723BAAD221460260010E753 /* Assets.xcassets */,
				3723BAB2221460260010E753 /* Info.plist */,
				372C14172216FB3D00B7A972 /* GoogleService-Info.plist */,
				372C141D221726B100B7A972 /* RemoteConfigDefaults.plist */,
				3723BAAF221460260010E753 /* LaunchScreen.storyboard */,
			);
			path = ForDream;
			sourceTree = "<group>";
		};
		3723BAD6221560850010E753 /* UI */ = {
			isa = PBXGroup;
			children = (
				3723BAAA221460240010E753 /* Main.storyboard */,
				372C13DC2216A17100B7A972 /* Auth.storyboard */,
				372C13E32216A27600B7A972 /* Search.storyboard */,
				372C13E62216A29A00B7A972 /* Write.storyboard */,
				372C13F12216C49500B7A972 /* Menu.storyboard */,
			);
			path = UI;
			sourceTree = "<group>";
		};
		3723BAD72215608B0010E753 /* VC */ = {
			isa = PBXGroup;
			children = (
				372C13EB2216B68400B7A972 /* Main */,
				372C13EA2216B67900B7A972 /* Write */,
				372C13E92216B67200B7A972 /* Search */,
				372C13E82216B66500B7A972 /* Auth */,
				372C13F32216C67F00B7A972 /* Menu */,
			);
			path = VC;
			sourceTree = "<group>";
		};
		372C13E82216B66500B7A972 /* Auth */ = {
			isa = PBXGroup;
			children = (
				3723BAD8221560EF0010E753 /* LoginVC.swift */,
				3723BADA221561070010E753 /* JoinVC.swift */,
			);
			path = Auth;
			sourceTree = "<group>";
		};
		372C13E92216B67200B7A972 /* Search */ = {
			isa = PBXGroup;
			children = (
				3718CBD02215BB29000E85E3 /* SearchVC.swift */,
			);
			path = Search;
			sourceTree = "<group>";
		};
		372C13EA2216B67900B7A972 /* Write */ = {
			isa = PBXGroup;
			children = (
				3718CBD22215BB4E000E85E3 /* WriteVC.swift */,
			);
			path = Write;
			sourceTree = "<group>";
		};
		372C13EB2216B68400B7A972 /* Main */ = {
			isa = PBXGroup;
			children = (
				3723BAA8221460240010E753 /* MainVC.swift */,
				3718CBCE2215B435000E85E3 /* DetailVC.swift */,
				3736B34F2218775A00DDD158 /* MenuVC.swift */,
			);
			path = Main;
			sourceTree = "<group>";
		};
		372C13EE2216B6F000B7A972 /* Custom */ = {
			isa = PBXGroup;
			children = (
				372C13EF2216B71700B7A972 /* MenuCell.swift */,
				372C141B2217187D00B7A972 /* Base.swift */,
				3736B3512218877300DDD158 /* DreamCell.swift */,
			);
			path = Custom;
			sourceTree = "<group>";
		};
		372C13F32216C67F00B7A972 /* Menu */ = {
			isa = PBXGroup;
			children = (
				372C13F62216C7BD00B7A972 /* StarStorageTVC.swift */,
				372C14192217134200B7A972 /* ConfigVC.swift */,
			);
			path = Menu;
			sourceTree = "<group>";
		};
		372C14162216DDE100B7A972 /* Model */ = {
			isa = PBXGroup;
			children = (
				3717C475221A523C00E12181 /* Config.swift */,
				3717C477221A527700E12181 /* Dream.swift */,
				3717C4A62223BF8A00E12181 /* DreamContainer.swift */,
			);
			path = Model;
			sourceTree = "<group>";
		};
		5A97B932947E2E57A130E05B /* Pods */ = {
			isa = PBXGroup;
			children = (
				1535C538C0AF4376191DD798 /* Pods-ForDream.debug.xcconfig */,
				506EC5817B92639E5FDC0513 /* Pods-ForDream.release.xcconfig */,
			);
			path = Pods;
			sourceTree = "<group>";
		};
		9AEF24DC5BB150DA3339157A /* Frameworks */ = {
			isa = PBXGroup;
			children = (
				94F8D84DAF7B4E8CCA5AED66 /* Pods_ForDream.framework */,
			);
			name = Frameworks;
			sourceTree = "<group>";
		};
/* End PBXGroup section */

/* Begin PBXNativeTarget section */
		3723BAA2221460240010E753 /* ForDream */ = {
			isa = PBXNativeTarget;
			buildConfigurationList = 3723BAB5221460260010E753 /* Build configuration list for PBXNativeTarget "ForDream" */;
			buildPhases = (
				210F8D211F8CF94A0DD8AF95 /* [CP] Check Pods Manifest.lock */,
				3723BA9F221460240010E753 /* Sources */,
				3723BAA0221460240010E753 /* Frameworks */,
				3723BAA1221460240010E753 /* Resources */,
				406204F79C8022A330B32FB7 /* [CP] Embed Pods Frameworks */,
			);
			buildRules = (
			);
			dependencies = (
			);
			name = ForDream;
			productName = ForDream;
			productReference = 3723BAA3221460240010E753 /* ForDream.app */;
			productType = "com.apple.product-type.application";
		};
/* End PBXNativeTarget section */

/* Begin PBXProject section */
		3723BA9B221460240010E753 /* Project object */ = {
			isa = PBXProject;
			attributes = {
				LastSwiftUpdateCheck = 1010;
				LastUpgradeCheck = 1010;
				ORGANIZATIONNAME = baby1234;
				TargetAttributes = {
					3723BAA2221460240010E753 = {
						CreatedOnToolsVersion = 10.1;
					};
				};
			};
			buildConfigurationList = 3723BA9E221460240010E753 /* Build configuration list for PBXProject "ForDream" */;
			compatibilityVersion = "Xcode 9.3";
			developmentRegion = en;
			hasScannedForEncodings = 0;
			knownRegions = (
				en,
				Base,
			);
			mainGroup = 3723BA9A221460240010E753;
			productRefGroup = 3723BAA4221460240010E753 /* Products */;
			projectDirPath = "";
			projectRoot = "";
			targets = (
				3723BAA2221460240010E753 /* ForDream */,
			);
		};
/* End PBXProject section */

/* Begin PBXResourcesBuildPhase section */
		3723BAA1221460240010E753 /* Resources */ = {
			isa = PBXResourcesBuildPhase;
			buildActionMask = 2147483647;
			files = (
				372C13F22216C49500B7A972 /* Menu.storyboard in Resources */,
				372C14182216FB3E00B7A972 /* GoogleService-Info.plist in Resources */,
				372C13DE2216A17100B7A972 /* Auth.storyboard in Resources */,
				3717C4702219759A00E12181 /* allDeleteDream.png in Resources */,
				3736B35F22189BBA00DDD158 /* search.png in Resources */,
				3736B35A22189A8C00DDD158 /* menu.png in Resources */,
				3736B34E2217B7A900DDD158 /* checkBlackCircle.png in Resources */,
				3717C4A92223E9A300E12181 /* save.png in Resources */,
				3723BAB1221460260010E753 /* LaunchScreen.storyboard in Resources */,
				3717C46F2219759A00E12181 /* deleteSelectedDream.png in Resources */,
				372C13E72216A29A00B7A972 /* Write.storyboard in Resources */,
				3717C474221A430F00E12181 /* selectedCheckBtn.png in Resources */,
				3723BAAE221460260010E753 /* Assets.xcassets in Resources */,
				3717C473221A430F00E12181 /* selectCheckBtn.png in Resources */,
				3736B35C22189A8C00DDD158 /* selectedStar.png in Resources */,
				372C141E221726B100B7A972 /* RemoteConfigDefaults.plist in Resources */,
				3736B36022189BBA00DDD158 /* edit.png in Resources */,
				3736B35B22189A8C00DDD158 /* selectStar.png in Resources */,
				3723BAAC221460240010E753 /* Main.storyboard in Resources */,
				372C13E52216A27600B7A972 /* Search.storyboard in Resources */,
			);
			runOnlyForDeploymentPostprocessing = 0;
		};
/* End PBXResourcesBuildPhase section */

/* Begin PBXShellScriptBuildPhase section */
		210F8D211F8CF94A0DD8AF95 /* [CP] Check Pods Manifest.lock */ = {
			isa = PBXShellScriptBuildPhase;
			buildActionMask = 2147483647;
			files = (
			);
			inputFileListPaths = (
			);
			inputPaths = (
				"${PODS_PODFILE_DIR_PATH}/Podfile.lock",
				"${PODS_ROOT}/Manifest.lock",
			);
			name = "[CP] Check Pods Manifest.lock";
			outputFileListPaths = (
			);
			outputPaths = (
				"$(DERIVED_FILE_DIR)/Pods-ForDream-checkManifestLockResult.txt",
			);
			runOnlyForDeploymentPostprocessing = 0;
			shellPath = /bin/sh;
			shellScript = "diff \"${PODS_PODFILE_DIR_PATH}/Podfile.lock\" \"${PODS_ROOT}/Manifest.lock\" > /dev/null\nif [ $? != 0 ] ; then\n    # print error to STDERR\n    echo \"error: The sandbox is not in sync with the Podfile.lock. Run 'pod install' or update your CocoaPods installation.\" >&2\n    exit 1\nfi\n# This output is used by Xcode 'outputs' to avoid re-running this script phase.\necho \"SUCCESS\" > \"${SCRIPT_OUTPUT_FILE_0}\"\n";
			showEnvVarsInLog = 0;
		};
		406204F79C8022A330B32FB7 /* [CP] Embed Pods Frameworks */ = {
			isa = PBXShellScriptBuildPhase;
			buildActionMask = 2147483647;
			files = (
			);
			inputFileListPaths = (
			);
			inputPaths = (
				"${PODS_ROOT}/Target Support Files/Pods-ForDream/Pods-ForDream-frameworks.sh",
				"${BUILT_PRODUCTS_DIR}/GTMSessionFetcher/GTMSessionFetcher.framework",
				"${BUILT_PRODUCTS_DIR}/GoogleUtilities/GoogleUtilities.framework",
				"${BUILT_PRODUCTS_DIR}/Protobuf/Protobuf.framework",
				"${BUILT_PRODUCTS_DIR}/SwiftyPickerPopover/SwiftyPickerPopover.framework",
				"${BUILT_PRODUCTS_DIR}/UIColor_Hex_Swift/UIColor_Hex_Swift.framework",
				"${BUILT_PRODUCTS_DIR}/leveldb-library/leveldb.framework",
				"${BUILT_PRODUCTS_DIR}/nanopb/nanopb.framework",
			);
			name = "[CP] Embed Pods Frameworks";
			outputFileListPaths = (
			);
			outputPaths = (
				"${TARGET_BUILD_DIR}/${FRAMEWORKS_FOLDER_PATH}/GTMSessionFetcher.framework",
				"${TARGET_BUILD_DIR}/${FRAMEWORKS_FOLDER_PATH}/GoogleUtilities.framework",
				"${TARGET_BUILD_DIR}/${FRAMEWORKS_FOLDER_PATH}/Protobuf.framework",
				"${TARGET_BUILD_DIR}/${FRAMEWORKS_FOLDER_PATH}/SwiftyPickerPopover.framework",
				"${TARGET_BUILD_DIR}/${FRAMEWORKS_FOLDER_PATH}/UIColor_Hex_Swift.framework",
				"${TARGET_BUILD_DIR}/${FRAMEWORKS_FOLDER_PATH}/leveldb.framework",
				"${TARGET_BUILD_DIR}/${FRAMEWORKS_FOLDER_PATH}/nanopb.framework",
			);
			runOnlyForDeploymentPostprocessing = 0;
			shellPath = /bin/sh;
			shellScript = "\"${PODS_ROOT}/Target Support Files/Pods-ForDream/Pods-ForDream-frameworks.sh\"\n";
			showEnvVarsInLog = 0;
		};
/* End PBXShellScriptBuildPhase section */

/* Begin PBXSourcesBuildPhase section */
		3723BA9F221460240010E753 /* Sources */ = {
			isa = PBXSourcesBuildPhase;
			buildActionMask = 2147483647;
			files = (
				372C141C2217187D00B7A972 /* Base.swift in Sources */,
				3718CBD12215BB29000E85E3 /* SearchVC.swift in Sources */,
				3736B3522218877300DDD158 /* DreamCell.swift in Sources */,
				3717C476221A523C00E12181 /* Config.swift in Sources */,
				3718CBCF2215B435000E85E3 /* DetailVC.swift in Sources */,
				372C141A2217134200B7A972 /* ConfigVC.swift in Sources */,
				3718CBD32215BB4E000E85E3 /* WriteVC.swift in Sources */,
				3736B3502218775A00DDD158 /* MenuVC.swift in Sources */,
				3717C478221A527700E12181 /* Dream.swift in Sources */,
				3723BADB221561070010E753 /* JoinVC.swift in Sources */,
				372C13F72216C7BD00B7A972 /* StarStorageTVC.swift in Sources */,
				3717C4A72223BF8A00E12181 /* DreamContainer.swift in Sources */,
				3723BAA9221460240010E753 /* MainVC.swift in Sources */,
				372C13F02216B71700B7A972 /* MenuCell.swift in Sources */,
				3723BAA7221460240010E753 /* AppDelegate.swift in Sources */,
				3723BAD9221560EF0010E753 /* LoginVC.swift in Sources */,
			);
			runOnlyForDeploymentPostprocessing = 0;
		};
/* End PBXSourcesBuildPhase section */

/* Begin PBXVariantGroup section */
		3723BAAA221460240010E753 /* Main.storyboard */ = {
			isa = PBXVariantGroup;
			children = (
				3723BAAB221460240010E753 /* Base */,
			);
			name = Main.storyboard;
			sourceTree = "<group>";
		};
		3723BAAF221460260010E753 /* LaunchScreen.storyboard */ = {
			isa = PBXVariantGroup;
			children = (
				3723BAB0221460260010E753 /* Base */,
			);
			name = LaunchScreen.storyboard;
			sourceTree = "<group>";
		};
		372C13DC2216A17100B7A972 /* Auth.storyboard */ = {
			isa = PBXVariantGroup;
			children = (
				372C13DD2216A17100B7A972 /* Base */,
			);
			name = Auth.storyboard;
			sourceTree = "<group>";
		};
		372C13E32216A27600B7A972 /* Search.storyboard */ = {
			isa = PBXVariantGroup;
			children = (
				372C13E42216A27600B7A972 /* Base */,
			);
			name = Search.storyboard;
			sourceTree = "<group>";
		};
/* End PBXVariantGroup section */

/* Begin XCBuildConfiguration section */
		3723BAB3221460260010E753 /* Debug */ = {
			isa = XCBuildConfiguration;
			buildSettings = {
				ALWAYS_SEARCH_USER_PATHS = NO;
				CLANG_ANALYZER_NONNULL = YES;
				CLANG_ANALYZER_NUMBER_OBJECT_CONVERSION = YES_AGGRESSIVE;
				CLANG_CXX_LANGUAGE_STANDARD = "gnu++14";
				CLANG_CXX_LIBRARY = "libc++";
				CLANG_ENABLE_MODULES = YES;
				CLANG_ENABLE_OBJC_ARC = YES;
				CLANG_ENABLE_OBJC_WEAK = YES;
				CLANG_WARN_BLOCK_CAPTURE_AUTORELEASING = YES;
				CLANG_WARN_BOOL_CONVERSION = YES;
				CLANG_WARN_COMMA = YES;
				CLANG_WARN_CONSTANT_CONVERSION = YES;
				CLANG_WARN_DEPRECATED_OBJC_IMPLEMENTATIONS = YES;
				CLANG_WARN_DIRECT_OBJC_ISA_USAGE = YES_ERROR;
				CLANG_WARN_DOCUMENTATION_COMMENTS = YES;
				CLANG_WARN_EMPTY_BODY = YES;
				CLANG_WARN_ENUM_CONVERSION = YES;
				CLANG_WARN_INFINITE_RECURSION = YES;
				CLANG_WARN_INT_CONVERSION = YES;
				CLANG_WARN_NON_LITERAL_NULL_CONVERSION = YES;
				CLANG_WARN_OBJC_IMPLICIT_RETAIN_SELF = YES;
				CLANG_WARN_OBJC_LITERAL_CONVERSION = YES;
				CLANG_WARN_OBJC_ROOT_CLASS = YES_ERROR;
				CLANG_WARN_RANGE_LOOP_ANALYSIS = YES;
				CLANG_WARN_STRICT_PROTOTYPES = YES;
				CLANG_WARN_SUSPICIOUS_MOVE = YES;
				CLANG_WARN_UNGUARDED_AVAILABILITY = YES_AGGRESSIVE;
				CLANG_WARN_UNREACHABLE_CODE = YES;
				CLANG_WARN__DUPLICATE_METHOD_MATCH = YES;
				CODE_SIGN_IDENTITY = "iPhone Developer";
				COPY_PHASE_STRIP = NO;
				DEBUG_INFORMATION_FORMAT = dwarf;
				ENABLE_STRICT_OBJC_MSGSEND = YES;
				ENABLE_TESTABILITY = YES;
				GCC_C_LANGUAGE_STANDARD = gnu11;
				GCC_DYNAMIC_NO_PIC = NO;
				GCC_NO_COMMON_BLOCKS = YES;
				GCC_OPTIMIZATION_LEVEL = 0;
				GCC_PREPROCESSOR_DEFINITIONS = (
					"DEBUG=1",
					"$(inherited)",
				);
				GCC_WARN_64_TO_32_BIT_CONVERSION = YES;
				GCC_WARN_ABOUT_RETURN_TYPE = YES_ERROR;
				GCC_WARN_UNDECLARED_SELECTOR = YES;
				GCC_WARN_UNINITIALIZED_AUTOS = YES_AGGRESSIVE;
				GCC_WARN_UNUSED_FUNCTION = YES;
				GCC_WARN_UNUSED_VARIABLE = YES;
				IPHONEOS_DEPLOYMENT_TARGET = 12.1;
				MTL_ENABLE_DEBUG_INFO = INCLUDE_SOURCE;
				MTL_FAST_MATH = YES;
				ONLY_ACTIVE_ARCH = YES;
				SDKROOT = iphoneos;
				SWIFT_ACTIVE_COMPILATION_CONDITIONS = DEBUG;
				SWIFT_OPTIMIZATION_LEVEL = "-Onone";
			};
			name = Debug;
		};
		3723BAB4221460260010E753 /* Release */ = {
			isa = XCBuildConfiguration;
			buildSettings = {
				ALWAYS_SEARCH_USER_PATHS = NO;
				CLANG_ANALYZER_NONNULL = YES;
				CLANG_ANALYZER_NUMBER_OBJECT_CONVERSION = YES_AGGRESSIVE;
				CLANG_CXX_LANGUAGE_STANDARD = "gnu++14";
				CLANG_CXX_LIBRARY = "libc++";
				CLANG_ENABLE_MODULES = YES;
				CLANG_ENABLE_OBJC_ARC = YES;
				CLANG_ENABLE_OBJC_WEAK = YES;
				CLANG_WARN_BLOCK_CAPTURE_AUTORELEASING = YES;
				CLANG_WARN_BOOL_CONVERSION = YES;
				CLANG_WARN_COMMA = YES;
				CLANG_WARN_CONSTANT_CONVERSION = YES;
				CLANG_WARN_DEPRECATED_OBJC_IMPLEMENTATIONS = YES;
				CLANG_WARN_DIRECT_OBJC_ISA_USAGE = YES_ERROR;
				CLANG_WARN_DOCUMENTATION_COMMENTS = YES;
				CLANG_WARN_EMPTY_BODY = YES;
				CLANG_WARN_ENUM_CONVERSION = YES;
				CLANG_WARN_INFINITE_RECURSION = YES;
				CLANG_WARN_INT_CONVERSION = YES;
				CLANG_WARN_NON_LITERAL_NULL_CONVERSION = YES;
				CLANG_WARN_OBJC_IMPLICIT_RETAIN_SELF = YES;
				CLANG_WARN_OBJC_LITERAL_CONVERSION = YES;
				CLANG_WARN_OBJC_ROOT_CLASS = YES_ERROR;
				CLANG_WARN_RANGE_LOOP_ANALYSIS = YES;
				CLANG_WARN_STRICT_PROTOTYPES = YES;
				CLANG_WARN_SUSPICIOUS_MOVE = YES;
				CLANG_WARN_UNGUARDED_AVAILABILITY = YES_AGGRESSIVE;
				CLANG_WARN_UNREACHABLE_CODE = YES;
				CLANG_WARN__DUPLICATE_METHOD_MATCH = YES;
				CODE_SIGN_IDENTITY = "iPhone Developer";
				COPY_PHASE_STRIP = NO;
				DEBUG_INFORMATION_FORMAT = "dwarf-with-dsym";
				ENABLE_NS_ASSERTIONS = NO;
				ENABLE_STRICT_OBJC_MSGSEND = YES;
				GCC_C_LANGUAGE_STANDARD = gnu11;
				GCC_NO_COMMON_BLOCKS = YES;
				GCC_WARN_64_TO_32_BIT_CONVERSION = YES;
				GCC_WARN_ABOUT_RETURN_TYPE = YES_ERROR;
				GCC_WARN_UNDECLARED_SELECTOR = YES;
				GCC_WARN_UNINITIALIZED_AUTOS = YES_AGGRESSIVE;
				GCC_WARN_UNUSED_FUNCTION = YES;
				GCC_WARN_UNUSED_VARIABLE = YES;
				IPHONEOS_DEPLOYMENT_TARGET = 12.1;
				MTL_ENABLE_DEBUG_INFO = NO;
				MTL_FAST_MATH = YES;
				SDKROOT = iphoneos;
				SWIFT_COMPILATION_MODE = wholemodule;
				SWIFT_OPTIMIZATION_LEVEL = "-O";
				VALIDATE_PRODUCT = YES;
			};
			name = Release;
		};
		3723BAB6221460260010E753 /* Debug */ = {
			isa = XCBuildConfiguration;
			baseConfigurationReference = 1535C538C0AF4376191DD798 /* Pods-ForDream.debug.xcconfig */;
			buildSettings = {
				ASSETCATALOG_COMPILER_APPICON_NAME = AppIcon;
				CODE_SIGN_STYLE = Automatic;
				INFOPLIST_FILE = ForDream/Info.plist;
				LD_RUNPATH_SEARCH_PATHS = (
					"$(inherited)",
					"@executable_path/Frameworks",
				);
				PRODUCT_BUNDLE_IDENTIFIER = net.macnpc.ForDream;
				PRODUCT_NAME = "$(TARGET_NAME)";
				SWIFT_VERSION = 4.2;
				TARGETED_DEVICE_FAMILY = "1,2";
			};
			name = Debug;
		};
		3723BAB7221460260010E753 /* Release */ = {
			isa = XCBuildConfiguration;
			baseConfigurationReference = 506EC5817B92639E5FDC0513 /* Pods-ForDream.release.xcconfig */;
			buildSettings = {
				ASSETCATALOG_COMPILER_APPICON_NAME = AppIcon;
				CODE_SIGN_STYLE = Automatic;
				INFOPLIST_FILE = ForDream/Info.plist;
				LD_RUNPATH_SEARCH_PATHS = (
					"$(inherited)",
					"@executable_path/Frameworks",
				);
				PRODUCT_BUNDLE_IDENTIFIER = net.macnpc.ForDream;
				PRODUCT_NAME = "$(TARGET_NAME)";
				SWIFT_VERSION = 4.2;
				TARGETED_DEVICE_FAMILY = "1,2";
			};
			name = Release;
		};
/* End XCBuildConfiguration section */

/* Begin XCConfigurationList section */
		3723BA9E221460240010E753 /* Build configuration list for PBXProject "ForDream" */ = {
			isa = XCConfigurationList;
			buildConfigurations = (
				3723BAB3221460260010E753 /* Debug */,
				3723BAB4221460260010E753 /* Release */,
			);
			defaultConfigurationIsVisible = 0;
			defaultConfigurationName = Release;
		};
		3723BAB5221460260010E753 /* Build configuration list for PBXNativeTarget "ForDream" */ = {
			isa = XCConfigurationList;
			buildConfigurations = (
				3723BAB6221460260010E753 /* Debug */,
				3723BAB7221460260010E753 /* Release */,
			);
			defaultConfigurationIsVisible = 0;
			defaultConfigurationName = Release;
		};
/* End XCConfigurationList section */
	};
	rootObject = 3723BA9B221460240010E753 /* Project object */;
}
